
Microsoft Visual Studio Solution File, Format Version 12.00
# Visual Studio Version 17
VisualStudioVersion = 17.3.32901.215
MinimumVisualStudioVersion = 10.0.40219.1
Project("{FAE04EC0-301F-11D3-BF4B-00C04F79EFBC}") = "PonSam", "PonSam\PonSam.csproj", "{D6F6A9BD-4859-49DC-89A0-D5CEB9FB880B}"
EndProject
Global
	GlobalSection(SolutionConfigurationPlatforms) = preSolution
		Debug|Any CPU = Debug|Any CPU
		Release|Any CPU = Release|Any CPU
	EndGlobalSection
	GlobalSection(ProjectConfigurationPlatforms) = postSolution
		{D6F6A9BD-4859-49DC-89A0-D5CEB9FB880B}.Debug|Any CPU.ActiveCfg = Debug|Any CPU
		{D6F6A9BD-4859-49DC-89A0-D5CEB9FB880B}.Debug|Any CPU.Build.0 = Debug|Any CPU
		{D6F6A9BD-4859-49DC-89A0-D5CEB9FB880B}.Release|Any CPU.ActiveCfg = Release|Any CPU
		{D6F6A9BD-4859-49DC-89A0-D5CEB9FB880B}.Release|Any CPU.Build.0 = Release|Any CPU
	EndGlobalSection
	GlobalSection(SolutionProperties) = preSolution
		HideSolutionNode = FALSE
	EndGlobalSection
	GlobalSection(ExtensibilityGlobals) = postSolution
		SolutionGuid = {B3E53451-19FB-4E6D-BCD4-B15F10E39605}
	EndGlobalSection
EndGlobal
